
Microsoft Visual Studio Solution File, Format Version 12.00
# Visual Studio 15
VisualStudioVersion = 15.0.28307.902
MinimumVisualStudioVersion = 10.0.40219.1
Project("{8BC9CEB8-8B4A-11D0-8D11-00A0C91BC942}") = "2017-10-17_Intro-CPP", "2017-10-17_Intro-CPP\2017-10-17_Intro-CPP.vcxproj", "{BDC649F7-BEE7-4B3D-839D-EACCB3AFF9DA}"
EndProject
Global
	GlobalSection(SolutionConfigurationPlatforms) = preSolution
		Debug|x64 = Debug|x64
		Debug|x86 = Debug|x86
		Release|x64 = Release|x64
		Release|x86 = Release|x86
	EndGlobalSection
	GlobalSection(ProjectConfigurationPlatforms) = postSolution
		{BDC649F7-BEE7-4B3D-839D-EACCB3AFF9DA}.Debug|x64.ActiveCfg = Debug|x64
		{BDC649F7-BEE7-4B3D-839D-EACCB3AFF9DA}.Debug|x64.Build.0 = Debug|x64
		{BDC649F7-BEE7-4B3D-839D-EACCB3AFF9DA}.Debug|x86.ActiveCfg = Debug|Win32
		{BDC649F7-BEE7-4B3D-839D-EACCB3AFF9DA}.Debug|x86.Build.0 = Debug|Win32
		{BDC649F7-BEE7-4B3D-839D-EACCB3AFF9DA}.Release|x64.ActiveCfg = Release|x64
		{BDC649F7-BEE7-4B3D-839D-EACCB3AFF9DA}.Release|x64.Build.0 = Release|x64
		{BDC649F7-BEE7-4B3D-839D-EACCB3AFF9DA}.Release|x86.ActiveCfg = Release|Win32
		{BDC649F7-BEE7-4B3D-839D-EACCB3AFF9DA}.Release|x86.Build.0 = Release|Win32
	EndGlobalSection
	GlobalSection(SolutionProperties) = preSolution
		HideSolutionNode = FALSE
	EndGlobalSection
	GlobalSection(ExtensibilityGlobals) = postSolution
		SolutionGuid = {0AB5556E-211F-41B9-88E5-CFE0692B1388}
	EndGlobalSection
EndGlobal
